
Microsoft Visual Studio Solution File, Format Version 12.00
# Visual Studio Version 17
VisualStudioVersion = 17.7.34018.315
MinimumVisualStudioVersion = 10.0.40219.1
Project("{54A90642-561A-4BB1-A94E-469ADEE60C69}") = "frontend", "frontend\frontend.esproj", "{FC9CA2F8-157D-461C-8C88-F0E1FAE56BA8}"
EndProject
Project("{2150E333-8FDC-42A3-9474-1A3956D46DE8}") = "Solution Items", "Solution Items", "{4F0FE98D-1EAD-4FEC-8152-DA40A0E6785E}"
	ProjectSection(SolutionItems) = preProject
		.editorconfig = .editorconfig
	EndProjectSection
EndProject
Project("{9A19103F-16F7-4668-BE54-9A1E7A4F7556}") = "LearnLink.Core", "LearnLink.Core\LearnLink.Core.csproj", "{98B65AC6-36AD-4A4B-A712-BE35D36E3C23}"
EndProject
Project("{9A19103F-16F7-4668-BE54-9A1E7A4F7556}") = "LearnLink.Application", "LearnLink.Application\LearnLink.Application.csproj", "{56DBD814-29F2-49F9-832F-B5475C8C9E62}"
EndProject
Project("{9A19103F-16F7-4668-BE54-9A1E7A4F7556}") = "LearnLink.Adapter", "LearnLink.Adapter\LearnLink.Adapter.csproj", "{B234B72B-1640-4B48-872B-871F3DDC3A22}"
EndProject
Project("{9A19103F-16F7-4668-BE54-9A1E7A4F7556}") = "LearnLink.SecurityProvider", "LearnLink.SecurityProvider\LearnLink.SecurityProvider.csproj", "{7E991164-73B9-4CA1-861F-7C1CFC4A518D}"
EndProject
Project("{9A19103F-16F7-4668-BE54-9A1E7A4F7556}") = "LearnLink.Shared", "LearnLink.Shared\LearnLink.Shared.csproj", "{7A50906E-B059-47A8-83B4-23A468561336}"
EndProject
Project("{9A19103F-16F7-4668-BE54-9A1E7A4F7556}") = "LearnLink.WebApi", "LearnLink.WebApi\LearnLink.WebApi.csproj", "{B66375BD-5FE4-4B07-9762-26215DEABC0C}"
EndProject
Project("{FAE04EC0-301F-11D3-BF4B-00C04F79EFBC}") = "LearnLink.Tests", "LearnLink.Tests\LearnLink.Tests.csproj", "{76B593D3-9B9C-43AF-BA1F-988C96E03F2F}"
EndProject
Global
	GlobalSection(SolutionConfigurationPlatforms) = preSolution
		Debug|Any CPU = Debug|Any CPU
		Release|Any CPU = Release|Any CPU
	EndGlobalSection
	GlobalSection(ProjectConfigurationPlatforms) = postSolution
		{FC9CA2F8-157D-461C-8C88-F0E1FAE56BA8}.Debug|Any CPU.ActiveCfg = Debug|Any CPU
		{FC9CA2F8-157D-461C-8C88-F0E1FAE56BA8}.Debug|Any CPU.Build.0 = Debug|Any CPU
		{FC9CA2F8-157D-461C-8C88-F0E1FAE56BA8}.Debug|Any CPU.Deploy.0 = Debug|Any CPU
		{FC9CA2F8-157D-461C-8C88-F0E1FAE56BA8}.Release|Any CPU.ActiveCfg = Release|Any CPU
		{FC9CA2F8-157D-461C-8C88-F0E1FAE56BA8}.Release|Any CPU.Build.0 = Release|Any CPU
		{FC9CA2F8-157D-461C-8C88-F0E1FAE56BA8}.Release|Any CPU.Deploy.0 = Release|Any CPU
		{98B65AC6-36AD-4A4B-A712-BE35D36E3C23}.Debug|Any CPU.ActiveCfg = Debug|Any CPU
		{98B65AC6-36AD-4A4B-A712-BE35D36E3C23}.Debug|Any CPU.Build.0 = Debug|Any CPU
		{98B65AC6-36AD-4A4B-A712-BE35D36E3C23}.Release|Any CPU.ActiveCfg = Release|Any CPU
		{98B65AC6-36AD-4A4B-A712-BE35D36E3C23}.Release|Any CPU.Build.0 = Release|Any CPU
		{56DBD814-29F2-49F9-832F-B5475C8C9E62}.Debug|Any CPU.ActiveCfg = Debug|Any CPU
		{56DBD814-29F2-49F9-832F-B5475C8C9E62}.Debug|Any CPU.Build.0 = Debug|Any CPU
		{56DBD814-29F2-49F9-832F-B5475C8C9E62}.Release|Any CPU.ActiveCfg = Release|Any CPU
		{56DBD814-29F2-49F9-832F-B5475C8C9E62}.Release|Any CPU.Build.0 = Release|Any CPU
		{B234B72B-1640-4B48-872B-871F3DDC3A22}.Debug|Any CPU.ActiveCfg = Debug|Any CPU
		{B234B72B-1640-4B48-872B-871F3DDC3A22}.Debug|Any CPU.Build.0 = Debug|Any CPU
		{B234B72B-1640-4B48-872B-871F3DDC3A22}.Release|Any CPU.ActiveCfg = Release|Any CPU
		{B234B72B-1640-4B48-872B-871F3DDC3A22}.Release|Any CPU.Build.0 = Release|Any CPU
		{7E991164-73B9-4CA1-861F-7C1CFC4A518D}.Debug|Any CPU.ActiveCfg = Debug|Any CPU
		{7E991164-73B9-4CA1-861F-7C1CFC4A518D}.Debug|Any CPU.Build.0 = Debug|Any CPU
		{7E991164-73B9-4CA1-861F-7C1CFC4A518D}.Release|Any CPU.ActiveCfg = Release|Any CPU
		{7E991164-73B9-4CA1-861F-7C1CFC4A518D}.Release|Any CPU.Build.0 = Release|Any CPU
		{7A50906E-B059-47A8-83B4-23A468561336}.Debug|Any CPU.ActiveCfg = Debug|Any CPU
		{7A50906E-B059-47A8-83B4-23A468561336}.Debug|Any CPU.Build.0 = Debug|Any CPU
		{7A50906E-B059-47A8-83B4-23A468561336}.Release|Any CPU.ActiveCfg = Release|Any CPU
		{7A50906E-B059-47A8-83B4-23A468561336}.Release|Any CPU.Build.0 = Release|Any CPU
		{B66375BD-5FE4-4B07-9762-26215DEABC0C}.Debug|Any CPU.ActiveCfg = Debug|Any CPU
		{B66375BD-5FE4-4B07-9762-26215DEABC0C}.Debug|Any CPU.Build.0 = Debug|Any CPU
		{B66375BD-5FE4-4B07-9762-26215DEABC0C}.Release|Any CPU.ActiveCfg = Release|Any CPU
		{B66375BD-5FE4-4B07-9762-26215DEABC0C}.Release|Any CPU.Build.0 = Release|Any CPU
		{76B593D3-9B9C-43AF-BA1F-988C96E03F2F}.Debug|Any CPU.ActiveCfg = Debug|Any CPU
		{76B593D3-9B9C-43AF-BA1F-988C96E03F2F}.Debug|Any CPU.Build.0 = Debug|Any CPU
		{76B593D3-9B9C-43AF-BA1F-988C96E03F2F}.Release|Any CPU.ActiveCfg = Release|Any CPU
		{76B593D3-9B9C-43AF-BA1F-988C96E03F2F}.Release|Any CPU.Build.0 = Release|Any CPU
	EndGlobalSection
	GlobalSection(SolutionProperties) = preSolution
		HideSolutionNode = FALSE
	EndGlobalSection
	GlobalSection(ExtensibilityGlobals) = postSolution
		SolutionGuid = {714CFBFE-EBE3-4450-A211-710F35233050}
	EndGlobalSection
EndGlobal
